{
  "nodes": {
    "flake-utils": {
      "locked": {
        "lastModified": 1637014545,
        "narHash": "sha256-26IZAc5yzlD9FlDT54io1oqG/bBoyka+FJk5guaX4x4=",
        "owner": "numtide",
        "repo": "flake-utils",
        "rev": "bba5dcc8e0b20ab664967ad83d24d64cb64ec4f4",
        "type": "github"
      },
      "original": {
        "owner": "numtide",
        "repo": "flake-utils",
        "type": "github"
      }
    },
    "nixpkgs": {
      "locked": {
        "lastModified": 1638652329,
        "narHash": "sha256-qUCxzbR6dRbD+tVF/Nv8N9k+xoYmrVzArYw67MZx7MM=",
        "owner": "nixos",
        "repo": "nixpkgs",
        "rev": "493d66a22509a17d81feb11318581f0e63450583",
        "type": "github"
      },
      "original": {
        "owner": "nixos",
        "ref": "master",
        "repo": "nixpkgs",
        "type": "github"
      }
    },
    "nixpkgs-sgx-psw": {
      "locked": {
        "lastModified": 1638702384,
        "narHash": "sha256-HlUnSsWgI3zrgOzRZ/d/FPI+8wppX+aKBwUpY71WMXU=",
        "owner": "veehaitch",
        "repo": "nixpkgs",
        "rev": "91de9dfa5ba81135af7c732d685bd5c256da6384",
        "type": "github"
      },
      "original": {
        "owner": "veehaitch",
        "ref": "sgx-psw",
        "repo": "nixpkgs",
        "type": "github"
      }
    },
    "root": {
      "inputs": {
        "nixpkgs": "nixpkgs",
        "nixpkgs-sgx-psw": "nixpkgs-sgx-psw",
        "rust-overlay": "rust-overlay"
      }
    },
    "rust-overlay": {
      "inputs": {
        "flake-utils": "flake-utils",
        "nixpkgs": [
          "nixpkgs"
        ]
      },
      "locked": {
        "lastModified": 1638584238,
        "narHash": "sha256-s9ABdhsYMTz0Qp1EoORN1O8PlJ68390iGv0+KUwaktg=",
        "owner": "oxalica",
        "repo": "rust-overlay",
        "rev": "4a918c124e43188e8a1d2492a731befe47effa71",
        "type": "github"
      },
      "original": {
        "owner": "oxalica",
        "repo": "rust-overlay",
        "type": "github"
      }
    }
  },
  "root": "root",
  "version": 7
}
