{
  "nodes": {
    "nixpkgs": {
      "locked": {
        "lastModified": 1638652329,
        "narHash": "sha256-qUCxzbR6dRbD+tVF/Nv8N9k+xoYmrVzArYw67MZx7MM=",
        "owner": "nixos",
        "repo": "nixpkgs",
        "rev": "493d66a22509a17d81feb11318581f0e63450583",
        "type": "github"
      },
      "original": {
        "owner": "nixos",
        "ref": "master",
        "repo": "nixpkgs",
        "type": "github"
      }
    },
    "nixpkgs-sgx-psw": {
      "locked": {
        "lastModified": 1638645207,
        "narHash": "sha256-FoKTXkUBDy8cMA48L3KF1G4QGjIH3/VYE/sejsvTsSY=",
        "owner": "veehaitch",
        "repo": "nixpkgs",
        "rev": "82f1b3f37792e643d12ebaf6bde63bb5d6fb569c",
        "type": "github"
      },
      "original": {
        "owner": "veehaitch",
        "ref": "sgx-psw",
        "repo": "nixpkgs",
        "type": "github"
      }
    },
    "root": {
      "inputs": {
        "nixpkgs": "nixpkgs",
        "nixpkgs-sgx-psw": "nixpkgs-sgx-psw"
      }
    }
  },
  "root": "root",
  "version": 7
}
